
Microsoft Visual Studio Solution File, Format Version 12.00
# Visual Studio Version 17
VisualStudioVersion = 17.14.36310.24 d17.14
MinimumVisualStudioVersion = 10.0.40219.1
Project("{FAE04EC0-301F-11D3-BF4B-00C04F79EFBC}") = "SupplierManagementClient", "SupplierManagementClient.csproj", "{B80183A8-7F63-4D87-82F4-AE2CFC5CFADF}"
EndProject
Global
	GlobalSection(SolutionConfigurationPlatforms) = preSolution
		Debug|Any CPU = Debug|Any CPU
		Release|Any CPU = Release|Any CPU
	EndGlobalSection
	GlobalSection(ProjectConfigurationPlatforms) = postSolution
		{B80183A8-7F63-4D87-82F4-AE2CFC5CFADF}.Debug|Any CPU.ActiveCfg = Debug|Any CPU
		{B80183A8-7F63-4D87-82F4-AE2CFC5CFADF}.Debug|Any CPU.Build.0 = Debug|Any CPU
		{B80183A8-7F63-4D87-82F4-AE2CFC5CFADF}.Release|Any CPU.ActiveCfg = Release|Any CPU
		{B80183A8-7F63-4D87-82F4-AE2CFC5CFADF}.Release|Any CPU.Build.0 = Release|Any CPU
	EndGlobalSection
	GlobalSection(SolutionProperties) = preSolution
		HideSolutionNode = FALSE
	EndGlobalSection
	GlobalSection(ExtensibilityGlobals) = postSolution
		SolutionGuid = {0CCEBEC7-9748-478B-B85A-D613F456328E}
	EndGlobalSection
EndGlobal
